// !$*UTF8*$!
{
	archiveVersion = 1;
	classes = {
	};
	objectVersion = 46;
	objects = {

/* Begin PBXBuildFile section */
		E93734261C35A19F002027AC /* AddItemViewController.swift in Sources */ = {isa = PBXBuildFile; fileRef = E93734241C35A19F002027AC /* AddItemViewController.swift */; settings = {ASSET_TAGS = (); }; };
		E93734271C35A19F002027AC /* AddItemViewController.xib in Resources */ = {isa = PBXBuildFile; fileRef = E93734251C35A19F002027AC /* AddItemViewController.xib */; settings = {ASSET_TAGS = (); }; };
		E94741591C37033500BFD18C /* CacheProtocol.swift in Sources */ = {isa = PBXBuildFile; fileRef = E94741581C37033500BFD18C /* CacheProtocol.swift */; settings = {ASSET_TAGS = (); }; };
		E947415B1C37067600BFD18C /* UserDefaultsCache.swift in Sources */ = {isa = PBXBuildFile; fileRef = E947415A1C37067600BFD18C /* UserDefaultsCache.swift */; settings = {ASSET_TAGS = (); }; };
		E947415D1C370A1600BFD18C /* KeyedArchieverCache.swift in Sources */ = {isa = PBXBuildFile; fileRef = E947415C1C370A1600BFD18C /* KeyedArchieverCache.swift */; settings = {ASSET_TAGS = (); }; };
		E9908FF91C2F49F900564759 /* AppDelegate.swift in Sources */ = {isa = PBXBuildFile; fileRef = E9908FF81C2F49F900564759 /* AppDelegate.swift */; };
		E99090001C2F49F900564759 /* Assets.xcassets in Resources */ = {isa = PBXBuildFile; fileRef = E9908FFF1C2F49F900564759 /* Assets.xcassets */; };
		E99090031C2F49F900564759 /* LaunchScreen.storyboard in Resources */ = {isa = PBXBuildFile; fileRef = E99090011C2F49F900564759 /* LaunchScreen.storyboard */; };
		E9F3BEA51C3097AA00CE9366 /* ToDoListViewController.swift in Sources */ = {isa = PBXBuildFile; fileRef = E9F3BEA31C3097AA00CE9366 /* ToDoListViewController.swift */; settings = {ASSET_TAGS = (); }; };
		E9F3BEA61C3097AA00CE9366 /* ToDoListViewController.xib in Resources */ = {isa = PBXBuildFile; fileRef = E9F3BEA41C3097AA00CE9366 /* ToDoListViewController.xib */; settings = {ASSET_TAGS = (); }; };
/* End PBXBuildFile section */

/* Begin PBXFileReference section */
		E93734241C35A19F002027AC /* AddItemViewController.swift */ = {isa = PBXFileReference; fileEncoding = 4; lastKnownFileType = sourcecode.swift; path = AddItemViewController.swift; sourceTree = "<group>"; };
		E93734251C35A19F002027AC /* AddItemViewController.xib */ = {isa = PBXFileReference; fileEncoding = 4; lastKnownFileType = file.xib; path = AddItemViewController.xib; sourceTree = "<group>"; };
		E94741581C37033500BFD18C /* CacheProtocol.swift */ = {isa = PBXFileReference; fileEncoding = 4; lastKnownFileType = sourcecode.swift; path = CacheProtocol.swift; sourceTree = "<group>"; };
		E947415A1C37067600BFD18C /* UserDefaultsCache.swift */ = {isa = PBXFileReference; fileEncoding = 4; lastKnownFileType = sourcecode.swift; path = UserDefaultsCache.swift; sourceTree = "<group>"; };
		E947415C1C370A1600BFD18C /* KeyedArchieverCache.swift */ = {isa = PBXFileReference; fileEncoding = 4; lastKnownFileType = sourcecode.swift; path = KeyedArchieverCache.swift; sourceTree = "<group>"; };
		E9908FF51C2F49F900564759 /* ToDo.app */ = {isa = PBXFileReference; explicitFileType = wrapper.application; includeInIndex = 0; path = ToDo.app; sourceTree = BUILT_PRODUCTS_DIR; };
		E9908FF81C2F49F900564759 /* AppDelegate.swift */ = {isa = PBXFileReference; lastKnownFileType = sourcecode.swift; path = AppDelegate.swift; sourceTree = "<group>"; };
		E9908FFF1C2F49F900564759 /* Assets.xcassets */ = {isa = PBXFileReference; lastKnownFileType = folder.assetcatalog; path = Assets.xcassets; sourceTree = "<group>"; };
		E99090021C2F49F900564759 /* Base */ = {isa = PBXFileReference; lastKnownFileType = file.storyboard; name = Base; path = Base.lproj/LaunchScreen.storyboard; sourceTree = "<group>"; };
		E99090041C2F49F900564759 /* Info.plist */ = {isa = PBXFileReference; lastKnownFileType = text.plist.xml; path = Info.plist; sourceTree = "<group>"; };
		E9F3BEA31C3097AA00CE9366 /* ToDoListViewController.swift */ = {isa = PBXFileReference; fileEncoding = 4; lastKnownFileType = sourcecode.swift; path = ToDoListViewController.swift; sourceTree = "<group>"; };
		E9F3BEA41C3097AA00CE9366 /* ToDoListViewController.xib */ = {isa = PBXFileReference; fileEncoding = 4; lastKnownFileType = file.xib; path = ToDoListViewController.xib; sourceTree = "<group>"; };
/* End PBXFileReference section */

/* Begin PBXFrameworksBuildPhase section */
		E9908FF21C2F49F900564759 /* Frameworks */ = {
			isa = PBXFrameworksBuildPhase;
			buildActionMask = 2147483647;
			files = (
			);
			runOnlyForDeploymentPostprocessing = 0;
		};
/* End PBXFrameworksBuildPhase section */

/* Begin PBXGroup section */
		E9908FEC1C2F49F900564759 = {
			isa = PBXGroup;
			children = (
				E9908FF71C2F49F900564759 /* ToDo */,
				E9908FF61C2F49F900564759 /* Products */,
			);
			sourceTree = "<group>";
		};
		E9908FF61C2F49F900564759 /* Products */ = {
			isa = PBXGroup;
			children = (
				E9908FF51C2F49F900564759 /* ToDo.app */,
			);
			name = Products;
			sourceTree = "<group>";
		};
		E9908FF71C2F49F900564759 /* ToDo */ = {
			isa = PBXGroup;
			children = (
				E9908FF81C2F49F900564759 /* AppDelegate.swift */,
				E9F3BEA31C3097AA00CE9366 /* ToDoListViewController.swift */,
				E9F3BEA41C3097AA00CE9366 /* ToDoListViewController.xib */,
				E93734241C35A19F002027AC /* AddItemViewController.swift */,
				E93734251C35A19F002027AC /* AddItemViewController.xib */,
				E94741581C37033500BFD18C /* CacheProtocol.swift */,
				E947415A1C37067600BFD18C /* UserDefaultsCache.swift */,
				E947415C1C370A1600BFD18C /* KeyedArchieverCache.swift */,
				E9908FFF1C2F49F900564759 /* Assets.xcassets */,
				E99090011C2F49F900564759 /* LaunchScreen.storyboard */,
				E99090041C2F49F900564759 /* Info.plist */,
			);
			path = ToDo;
			sourceTree = "<group>";
		};
/* End PBXGroup section */

/* Begin PBXNativeTarget section */
		E9908FF41C2F49F900564759 /* ToDo */ = {
			isa = PBXNativeTarget;
			buildConfigurationList = E99090071C2F49F900564759 /* Build configuration list for PBXNativeTarget "ToDo" */;
			buildPhases = (
				E9908FF11C2F49F900564759 /* Sources */,
				E9908FF21C2F49F900564759 /* Frameworks */,
				E9908FF31C2F49F900564759 /* Resources */,
			);
			buildRules = (
			);
			dependencies = (
			);
			name = ToDo;
			productName = ToDo;
			productReference = E9908FF51C2F49F900564759 /* ToDo.app */;
			productType = "com.apple.product-type.application";
		};
/* End PBXNativeTarget section */

/* Begin PBXProject section */
		E9908FED1C2F49F900564759 /* Project object */ = {
			isa = PBXProject;
			attributes = {
				LastUpgradeCheck = 0700;
				ORGANIZATIONNAME = "Thomas Röthemeyer";
				TargetAttributes = {
					E9908FF41C2F49F900564759 = {
						CreatedOnToolsVersion = 7.0;
					};
				};
			};
			buildConfigurationList = E9908FF01C2F49F900564759 /* Build configuration list for PBXProject "ToDo" */;
			compatibilityVersion = "Xcode 3.2";
			developmentRegion = English;
			hasScannedForEncodings = 0;
			knownRegions = (
				en,
				Base,
			);
			mainGroup = E9908FEC1C2F49F900564759;
			productRefGroup = E9908FF61C2F49F900564759 /* Products */;
			projectDirPath = "";
			projectRoot = "";
			targets = (
				E9908FF41C2F49F900564759 /* ToDo */,
			);
		};
/* End PBXProject section */

/* Begin PBXResourcesBuildPhase section */
		E9908FF31C2F49F900564759 /* Resources */ = {
			isa = PBXResourcesBuildPhase;
			buildActionMask = 2147483647;
			files = (
				E99090031C2F49F900564759 /* LaunchScreen.storyboard in Resources */,
				E93734271C35A19F002027AC /* AddItemViewController.xib in Resources */,
				E99090001C2F49F900564759 /* Assets.xcassets in Resources */,
				E9F3BEA61C3097AA00CE9366 /* ToDoListViewController.xib in Resources */,
			);
			runOnlyForDeploymentPostprocessing = 0;
		};
/* End PBXResourcesBuildPhase section */

/* Begin PBXSourcesBuildPhase section */
		E9908FF11C2F49F900564759 /* Sources */ = {
			isa = PBXSourcesBuildPhase;
			buildActionMask = 2147483647;
			files = (
				E94741591C37033500BFD18C /* CacheProtocol.swift in Sources */,
				E947415D1C370A1600BFD18C /* KeyedArchieverCache.swift in Sources */,
				E9F3BEA51C3097AA00CE9366 /* ToDoListViewController.swift in Sources */,
				E9908FF91C2F49F900564759 /* AppDelegate.swift in Sources */,
				E947415B1C37067600BFD18C /* UserDefaultsCache.swift in Sources */,
				E93734261C35A19F002027AC /* AddItemViewController.swift in Sources */,
			);
			runOnlyForDeploymentPostprocessing = 0;
		};
/* End PBXSourcesBuildPhase section */

/* Begin PBXVariantGroup section */
		E99090011C2F49F900564759 /* LaunchScreen.storyboard */ = {
			isa = PBXVariantGroup;
			children = (
				E99090021C2F49F900564759 /* Base */,
			);
			name = LaunchScreen.storyboard;
			sourceTree = "<group>";
		};
/* End PBXVariantGroup section */

/* Begin XCBuildConfiguration section */
		E99090051C2F49F900564759 /* Debug */ = {
			isa = XCBuildConfiguration;
			buildSettings = {
				ALWAYS_SEARCH_USER_PATHS = NO;
				CLANG_CXX_LANGUAGE_STANDARD = "gnu++0x";
				CLANG_CXX_LIBRARY = "libc++";
				CLANG_ENABLE_MODULES = YES;
				CLANG_ENABLE_OBJC_ARC = YES;
				CLANG_WARN_BOOL_CONVERSION = YES;
				CLANG_WARN_CONSTANT_CONVERSION = YES;
				CLANG_WARN_DIRECT_OBJC_ISA_USAGE = YES_ERROR;
				CLANG_WARN_EMPTY_BODY = YES;
				CLANG_WARN_ENUM_CONVERSION = YES;
				CLANG_WARN_INT_CONVERSION = YES;
				CLANG_WARN_OBJC_ROOT_CLASS = YES_ERROR;
				CLANG_WARN_UNREACHABLE_CODE = YES;
				CLANG_WARN__DUPLICATE_METHOD_MATCH = YES;
				"CODE_SIGN_IDENTITY[sdk=iphoneos*]" = "iPhone Developer";
				COPY_PHASE_STRIP = NO;
				DEBUG_INFORMATION_FORMAT = dwarf;
				ENABLE_STRICT_OBJC_MSGSEND = YES;
				ENABLE_TESTABILITY = YES;
				GCC_C_LANGUAGE_STANDARD = gnu99;
				GCC_DYNAMIC_NO_PIC = NO;
				GCC_NO_COMMON_BLOCKS = YES;
				GCC_OPTIMIZATION_LEVEL = 0;
				GCC_PREPROCESSOR_DEFINITIONS = (
					"DEBUG=1",
					"$(inherited)",
				);
				GCC_WARN_64_TO_32_BIT_CONVERSION = YES;
				GCC_WARN_ABOUT_RETURN_TYPE = YES_ERROR;
				GCC_WARN_UNDECLARED_SELECTOR = YES;
				GCC_WARN_UNINITIALIZED_AUTOS = YES_AGGRESSIVE;
				GCC_WARN_UNUSED_FUNCTION = YES;
				GCC_WARN_UNUSED_VARIABLE = YES;
				IPHONEOS_DEPLOYMENT_TARGET = 9.0;
				MTL_ENABLE_DEBUG_INFO = YES;
				ONLY_ACTIVE_ARCH = YES;
				SDKROOT = iphoneos;
				SWIFT_OPTIMIZATION_LEVEL = "-Onone";
			};
			name = Debug;
		};
		E99090061C2F49F900564759 /* Release */ = {
			isa = XCBuildConfiguration;
			buildSettings = {
				ALWAYS_SEARCH_USER_PATHS = NO;
				CLANG_CXX_LANGUAGE_STANDARD = "gnu++0x";
				CLANG_CXX_LIBRARY = "libc++";
				CLANG_ENABLE_MODULES = YES;
				CLANG_ENABLE_OBJC_ARC = YES;
				CLANG_WARN_BOOL_CONVERSION = YES;
				CLANG_WARN_CONSTANT_CONVERSION = YES;
				CLANG_WARN_DIRECT_OBJC_ISA_USAGE = YES_ERROR;
				CLANG_WARN_EMPTY_BODY = YES;
				CLANG_WARN_ENUM_CONVERSION = YES;
				CLANG_WARN_INT_CONVERSION = YES;
				CLANG_WARN_OBJC_ROOT_CLASS = YES_ERROR;
				CLANG_WARN_UNREACHABLE_CODE = YES;
				CLANG_WARN__DUPLICATE_METHOD_MATCH = YES;
				"CODE_SIGN_IDENTITY[sdk=iphoneos*]" = "iPhone Developer";
				COPY_PHASE_STRIP = NO;
				DEBUG_INFORMATION_FORMAT = "dwarf-with-dsym";
				ENABLE_NS_ASSERTIONS = NO;
				ENABLE_STRICT_OBJC_MSGSEND = YES;
				GCC_C_LANGUAGE_STANDARD = gnu99;
				GCC_NO_COMMON_BLOCKS = YES;
				GCC_WARN_64_TO_32_BIT_CONVERSION = YES;
				GCC_WARN_ABOUT_RETURN_TYPE = YES_ERROR;
				GCC_WARN_UNDECLARED_SELECTOR = YES;
				GCC_WARN_UNINITIALIZED_AUTOS = YES_AGGRESSIVE;
				GCC_WARN_UNUSED_FUNCTION = YES;
				GCC_WARN_UNUSED_VARIABLE = YES;
				IPHONEOS_DEPLOYMENT_TARGET = 9.0;
				MTL_ENABLE_DEBUG_INFO = NO;
				SDKROOT = iphoneos;
				VALIDATE_PRODUCT = YES;
			};
			name = Release;
		};
		E99090081C2F49F900564759 /* Debug */ = {
			isa = XCBuildConfiguration;
			buildSettings = {
				ASSETCATALOG_COMPILER_APPICON_NAME = AppIcon;
				INFOPLIST_FILE = ToDo/Info.plist;
				LD_RUNPATH_SEARCH_PATHS = "$(inherited) @executable_path/Frameworks";
				PRODUCT_BUNDLE_IDENTIFIER = TR.ToDo;
				PRODUCT_NAME = "$(TARGET_NAME)";
			};
			name = Debug;
		};
		E99090091C2F49F900564759 /* Release */ = {
			isa = XCBuildConfiguration;
			buildSettings = {
				ASSETCATALOG_COMPILER_APPICON_NAME = AppIcon;
				INFOPLIST_FILE = ToDo/Info.plist;
				LD_RUNPATH_SEARCH_PATHS = "$(inherited) @executable_path/Frameworks";
				PRODUCT_BUNDLE_IDENTIFIER = TR.ToDo;
				PRODUCT_NAME = "$(TARGET_NAME)";
			};
			name = Release;
		};
/* End XCBuildConfiguration section */

/* Begin XCConfigurationList section */
		E9908FF01C2F49F900564759 /* Build configuration list for PBXProject "ToDo" */ = {
			isa = XCConfigurationList;
			buildConfigurations = (
				E99090051C2F49F900564759 /* Debug */,
				E99090061C2F49F900564759 /* Release */,
			);
			defaultConfigurationIsVisible = 0;
			defaultConfigurationName = Release;
		};
		E99090071C2F49F900564759 /* Build configuration list for PBXNativeTarget "ToDo" */ = {
			isa = XCConfigurationList;
			buildConfigurations = (
				E99090081C2F49F900564759 /* Debug */,
				E99090091C2F49F900564759 /* Release */,
			);
			defaultConfigurationIsVisible = 0;
			defaultConfigurationName = Release;
		};
/* End XCConfigurationList section */
	};
	rootObject = E9908FED1C2F49F900564759 /* Project object */;
}
